
Microsoft Visual Studio Solution File, Format Version 12.00
# Visual Studio 2013
VisualStudioVersion = 12.0.31101.0
MinimumVisualStudioVersion = 10.0.40219.1
Project("{2150E333-8FDC-42A3-9474-1A3956D46DE8}") = "FlexTable", "FlexTable", "{9840622D-5CDF-4DE4-9E05-0310A265047E}"
EndProject
Project("{D954291E-2A0B-460D-934E-DC6B0785DB48}") = "FlexTable.Shared", "FlexTable\FlexTable.Shared\FlexTable.Shared.shproj", "{828FDFCF-219D-47D0-AE16-4669903F9FED}"
EndProject
Project("{FAE04EC0-301F-11D3-BF4B-00C04F79EFBC}") = "FlexTable.Windows", "FlexTable\FlexTable.Windows\FlexTable.Windows.csproj", "{CB7EFE5D-F01C-4548-B795-C1C70D24E4EA}"
EndProject
Project("{FAE04EC0-301F-11D3-BF4B-00C04F79EFBC}") = "d3", "d3\d3.csproj", "{71AF7058-4319-44F0-B24C-93B2DE4F9A49}"
EndProject
Global
	GlobalSection(SharedMSBuildProjectFiles) = preSolution
		FlexTable\FlexTable.Shared\FlexTable.Shared.projitems*{828fdfcf-219d-47d0-ae16-4669903f9fed}*SharedItemsImports = 13
		FlexTable\FlexTable.Shared\FlexTable.Shared.projitems*{cb7efe5d-f01c-4548-b795-c1c70d24e4ea}*SharedItemsImports = 4
	EndGlobalSection
	GlobalSection(SolutionConfigurationPlatforms) = preSolution
		Debug|Any CPU = Debug|Any CPU
		Debug|ARM = Debug|ARM
		Debug|x64 = Debug|x64
		Debug|x86 = Debug|x86
		Release|Any CPU = Release|Any CPU
		Release|ARM = Release|ARM
		Release|x64 = Release|x64
		Release|x86 = Release|x86
	EndGlobalSection
	GlobalSection(ProjectConfigurationPlatforms) = postSolution
		{CB7EFE5D-F01C-4548-B795-C1C70D24E4EA}.Debug|Any CPU.ActiveCfg = Debug|Any CPU
		{CB7EFE5D-F01C-4548-B795-C1C70D24E4EA}.Debug|Any CPU.Build.0 = Debug|Any CPU
		{CB7EFE5D-F01C-4548-B795-C1C70D24E4EA}.Debug|Any CPU.Deploy.0 = Debug|Any CPU
		{CB7EFE5D-F01C-4548-B795-C1C70D24E4EA}.Debug|ARM.ActiveCfg = Debug|ARM
		{CB7EFE5D-F01C-4548-B795-C1C70D24E4EA}.Debug|ARM.Build.0 = Debug|ARM
		{CB7EFE5D-F01C-4548-B795-C1C70D24E4EA}.Debug|ARM.Deploy.0 = Debug|ARM
		{CB7EFE5D-F01C-4548-B795-C1C70D24E4EA}.Debug|x64.ActiveCfg = Debug|x64
		{CB7EFE5D-F01C-4548-B795-C1C70D24E4EA}.Debug|x64.Build.0 = Debug|x64
		{CB7EFE5D-F01C-4548-B795-C1C70D24E4EA}.Debug|x64.Deploy.0 = Debug|x64
		{CB7EFE5D-F01C-4548-B795-C1C70D24E4EA}.Debug|x86.ActiveCfg = Debug|x86
		{CB7EFE5D-F01C-4548-B795-C1C70D24E4EA}.Debug|x86.Build.0 = Debug|x86
		{CB7EFE5D-F01C-4548-B795-C1C70D24E4EA}.Debug|x86.Deploy.0 = Debug|x86
		{CB7EFE5D-F01C-4548-B795-C1C70D24E4EA}.Release|Any CPU.ActiveCfg = Release|Any CPU
		{CB7EFE5D-F01C-4548-B795-C1C70D24E4EA}.Release|Any CPU.Build.0 = Release|Any CPU
		{CB7EFE5D-F01C-4548-B795-C1C70D24E4EA}.Release|Any CPU.Deploy.0 = Release|Any CPU
		{CB7EFE5D-F01C-4548-B795-C1C70D24E4EA}.Release|ARM.ActiveCfg = Release|ARM
		{CB7EFE5D-F01C-4548-B795-C1C70D24E4EA}.Release|ARM.Build.0 = Release|ARM
		{CB7EFE5D-F01C-4548-B795-C1C70D24E4EA}.Release|ARM.Deploy.0 = Release|ARM
		{CB7EFE5D-F01C-4548-B795-C1C70D24E4EA}.Release|x64.ActiveCfg = Release|x64
		{CB7EFE5D-F01C-4548-B795-C1C70D24E4EA}.Release|x64.Build.0 = Release|x64
		{CB7EFE5D-F01C-4548-B795-C1C70D24E4EA}.Release|x64.Deploy.0 = Release|x64
		{CB7EFE5D-F01C-4548-B795-C1C70D24E4EA}.Release|x86.ActiveCfg = Release|x86
		{CB7EFE5D-F01C-4548-B795-C1C70D24E4EA}.Release|x86.Build.0 = Release|x86
		{CB7EFE5D-F01C-4548-B795-C1C70D24E4EA}.Release|x86.Deploy.0 = Release|x86
		{71AF7058-4319-44F0-B24C-93B2DE4F9A49}.Debug|Any CPU.ActiveCfg = Debug|Any CPU
		{71AF7058-4319-44F0-B24C-93B2DE4F9A49}.Debug|Any CPU.Build.0 = Debug|Any CPU
		{71AF7058-4319-44F0-B24C-93B2DE4F9A49}.Debug|ARM.ActiveCfg = Debug|Any CPU
		{71AF7058-4319-44F0-B24C-93B2DE4F9A49}.Debug|x64.ActiveCfg = Debug|Any CPU
		{71AF7058-4319-44F0-B24C-93B2DE4F9A49}.Debug|x86.ActiveCfg = Debug|Any CPU
		{71AF7058-4319-44F0-B24C-93B2DE4F9A49}.Release|Any CPU.ActiveCfg = Release|Any CPU
		{71AF7058-4319-44F0-B24C-93B2DE4F9A49}.Release|Any CPU.Build.0 = Release|Any CPU
		{71AF7058-4319-44F0-B24C-93B2DE4F9A49}.Release|ARM.ActiveCfg = Release|Any CPU
		{71AF7058-4319-44F0-B24C-93B2DE4F9A49}.Release|x64.ActiveCfg = Release|Any CPU
		{71AF7058-4319-44F0-B24C-93B2DE4F9A49}.Release|x86.ActiveCfg = Release|Any CPU
	EndGlobalSection
	GlobalSection(SolutionProperties) = preSolution
		HideSolutionNode = FALSE
	EndGlobalSection
	GlobalSection(NestedProjects) = preSolution
		{828FDFCF-219D-47D0-AE16-4669903F9FED} = {9840622D-5CDF-4DE4-9E05-0310A265047E}
		{CB7EFE5D-F01C-4548-B795-C1C70D24E4EA} = {9840622D-5CDF-4DE4-9E05-0310A265047E}
	EndGlobalSection
EndGlobal
